
Microsoft Visual Studio Solution File, Format Version 12.00
Project("{FAE04EC0-301F-11D3-BF4B-00C04F79EFBC}") = "CasbinMinimalApi", "CasbinMinimalApi\CasbinMinimalApi.csproj", "{8BF86093-9CFB-4DDC-B018-870C27C837F2}"
EndProject
Project("{2150E333-8FDC-42A3-9474-1A3956D46DE8}") = "Solution Items", "Solution Items", "{9EB38CDC-A950-49FB-A0A4-20CAA3C852DD}"
	ProjectSection(SolutionItems) = preProject
		docker-compose.yml = docker-compose.yml
		Readme.md = Readme.md
		.gitignore = .gitignore
		.env\api.env = .env\api.env
		.env\pg.env = .env\pg.env
		.env\secret.env = .env\secret.env
	EndProjectSection
EndProject
Project("{FAE04EC0-301F-11D3-BF4B-00C04F79EFBC}") = "CasbinMinimalApi.Tests.Unit", "CasbinMinimalApi.Tests.Unit\CasbinMinimalApi.Tests.Unit.csproj", "{358331F2-8D93-4DED-9B0F-167AF1433168}"
EndProject
Project("{2150E333-8FDC-42A3-9474-1A3956D46DE8}") = "Github", "Github", "{B5C5FE93-36FB-4B5D-8EC7-D04359B7A7A8}"
	ProjectSection(SolutionItems) = preProject
		.github\workflows\docker-publish.yml = .github\workflows\docker-publish.yml
		.github\workflows\dotnet-build.yml = .github\workflows\dotnet-build.yml
		.github\workflows\node-build.yml = .github\workflows\node-build.yml
	EndProjectSection
EndProject
Global
	GlobalSection(SolutionConfigurationPlatforms) = preSolution
		Debug|Any CPU = Debug|Any CPU
		Debug|x64 = Debug|x64
		Debug|x86 = Debug|x86
		Release|Any CPU = Release|Any CPU
		Release|x64 = Release|x64
		Release|x86 = Release|x86
	EndGlobalSection
	GlobalSection(ProjectConfigurationPlatforms) = postSolution
		{8BF86093-9CFB-4DDC-B018-870C27C837F2}.Debug|Any CPU.ActiveCfg = Debug|Any CPU
		{8BF86093-9CFB-4DDC-B018-870C27C837F2}.Debug|Any CPU.Build.0 = Debug|Any CPU
		{8BF86093-9CFB-4DDC-B018-870C27C837F2}.Debug|x64.ActiveCfg = Debug|Any CPU
		{8BF86093-9CFB-4DDC-B018-870C27C837F2}.Debug|x64.Build.0 = Debug|Any CPU
		{8BF86093-9CFB-4DDC-B018-870C27C837F2}.Debug|x86.ActiveCfg = Debug|Any CPU
		{8BF86093-9CFB-4DDC-B018-870C27C837F2}.Debug|x86.Build.0 = Debug|Any CPU
		{8BF86093-9CFB-4DDC-B018-870C27C837F2}.Release|Any CPU.ActiveCfg = Release|Any CPU
		{8BF86093-9CFB-4DDC-B018-870C27C837F2}.Release|Any CPU.Build.0 = Release|Any CPU
		{8BF86093-9CFB-4DDC-B018-870C27C837F2}.Release|x64.ActiveCfg = Release|Any CPU
		{8BF86093-9CFB-4DDC-B018-870C27C837F2}.Release|x64.Build.0 = Release|Any CPU
		{8BF86093-9CFB-4DDC-B018-870C27C837F2}.Release|x86.ActiveCfg = Release|Any CPU
		{8BF86093-9CFB-4DDC-B018-870C27C837F2}.Release|x86.Build.0 = Release|Any CPU
		{358331F2-8D93-4DED-9B0F-167AF1433168}.Debug|Any CPU.ActiveCfg = Debug|Any CPU
		{358331F2-8D93-4DED-9B0F-167AF1433168}.Debug|Any CPU.Build.0 = Debug|Any CPU
		{358331F2-8D93-4DED-9B0F-167AF1433168}.Debug|x64.ActiveCfg = Debug|Any CPU
		{358331F2-8D93-4DED-9B0F-167AF1433168}.Debug|x64.Build.0 = Debug|Any CPU
		{358331F2-8D93-4DED-9B0F-167AF1433168}.Debug|x86.ActiveCfg = Debug|Any CPU
		{358331F2-8D93-4DED-9B0F-167AF1433168}.Debug|x86.Build.0 = Debug|Any CPU
		{358331F2-8D93-4DED-9B0F-167AF1433168}.Release|Any CPU.ActiveCfg = Release|Any CPU
		{358331F2-8D93-4DED-9B0F-167AF1433168}.Release|Any CPU.Build.0 = Release|Any CPU
		{358331F2-8D93-4DED-9B0F-167AF1433168}.Release|x64.ActiveCfg = Release|Any CPU
		{358331F2-8D93-4DED-9B0F-167AF1433168}.Release|x64.Build.0 = Release|Any CPU
		{358331F2-8D93-4DED-9B0F-167AF1433168}.Release|x86.ActiveCfg = Release|Any CPU
		{358331F2-8D93-4DED-9B0F-167AF1433168}.Release|x86.Build.0 = Release|Any CPU
	EndGlobalSection
	GlobalSection(SolutionProperties) = preSolution
		HideSolutionNode = FALSE
	EndGlobalSection
EndGlobal
